
Microsoft Visual Studio Solution File, Format Version 12.00
# Visual Studio 15
VisualStudioVersion = 15.0.27130.2024
MinimumVisualStudioVersion = 10.0.40219.1
Project("{FAE04EC0-301F-11D3-BF4B-00C04F79EFBC}") = "BipartiteGraphCalculator", "BipartiteGraphCalculator\BipartiteGraphCalculator.csproj", "{528623F3-CB4B-4EA3-A7CE-6F433CCA75EF}"
EndProject
Global
	GlobalSection(SolutionConfigurationPlatforms) = preSolution
		Debug|Any CPU = Debug|Any CPU
		Release|Any CPU = Release|Any CPU
	EndGlobalSection
	GlobalSection(ProjectConfigurationPlatforms) = postSolution
		{528623F3-CB4B-4EA3-A7CE-6F433CCA75EF}.Debug|Any CPU.ActiveCfg = Debug|Any CPU
		{528623F3-CB4B-4EA3-A7CE-6F433CCA75EF}.Debug|Any CPU.Build.0 = Debug|Any CPU
		{528623F3-CB4B-4EA3-A7CE-6F433CCA75EF}.Release|Any CPU.ActiveCfg = Release|Any CPU
		{528623F3-CB4B-4EA3-A7CE-6F433CCA75EF}.Release|Any CPU.Build.0 = Release|Any CPU
	EndGlobalSection
	GlobalSection(SolutionProperties) = preSolution
		HideSolutionNode = FALSE
	EndGlobalSection
	GlobalSection(ExtensibilityGlobals) = postSolution
		SolutionGuid = {F8D20A65-8361-453D-AF31-40932B497F18}
	EndGlobalSection
EndGlobal
